
Microsoft Visual Studio Solution File, Format Version 12.00
# Visual Studio Version 17
VisualStudioVersion = 17.11.35222.181
MinimumVisualStudioVersion = 10.0.40219.1
Project("{FAE04EC0-301F-11D3-BF4B-00C04F79EFBC}") = "UpdateDimLabels", "UpdateDimLabels.csproj", "{504274CB-7F73-42DE-A650-66374AE10CE4}"
EndProject
Global
	GlobalSection(SolutionConfigurationPlatforms) = preSolution
		Debug|Any CPU = Debug|Any CPU
		Debug|x64 = Debug|x64
		Release_x64|Any CPU = Release_x64|Any CPU
		Release_x64|x64 = Release_x64|x64
		Release|Any CPU = Release|Any CPU
		Release|x64 = Release|x64
	EndGlobalSection
	GlobalSection(ProjectConfigurationPlatforms) = postSolution
		{504274CB-7F73-42DE-A650-66374AE10CE4}.Debug|Any CPU.ActiveCfg = Debug|Any CPU
		{504274CB-7F73-42DE-A650-66374AE10CE4}.Debug|Any CPU.Build.0 = Debug|Any CPU
		{504274CB-7F73-42DE-A650-66374AE10CE4}.Debug|x64.ActiveCfg = Debug|x64
		{504274CB-7F73-42DE-A650-66374AE10CE4}.Debug|x64.Build.0 = Debug|x64
		{504274CB-7F73-42DE-A650-66374AE10CE4}.Release_x64|Any CPU.ActiveCfg = Release_x64|Any CPU
		{504274CB-7F73-42DE-A650-66374AE10CE4}.Release_x64|Any CPU.Build.0 = Release_x64|Any CPU
		{504274CB-7F73-42DE-A650-66374AE10CE4}.Release_x64|x64.ActiveCfg = Release|x64
		{504274CB-7F73-42DE-A650-66374AE10CE4}.Release_x64|x64.Build.0 = Release|x64
		{504274CB-7F73-42DE-A650-66374AE10CE4}.Release|Any CPU.ActiveCfg = Release|Any CPU
		{504274CB-7F73-42DE-A650-66374AE10CE4}.Release|Any CPU.Build.0 = Release|Any CPU
		{504274CB-7F73-42DE-A650-66374AE10CE4}.Release|x64.ActiveCfg = Release|x64
		{504274CB-7F73-42DE-A650-66374AE10CE4}.Release|x64.Build.0 = Release|x64
	EndGlobalSection
	GlobalSection(SolutionProperties) = preSolution
		HideSolutionNode = FALSE
	EndGlobalSection
	GlobalSection(ExtensibilityGlobals) = postSolution
		SolutionGuid = {CCFC21CB-D21A-4297-9CE6-B6C2F8D95095}
	EndGlobalSection
EndGlobal
